
Microsoft Visual Studio Solution File, Format Version 12.00
# Visual Studio Version 17
VisualStudioVersion = 17.14.36401.2 d17.14
MinimumVisualStudioVersion = 10.0.40219.1
Project("{C9674DCB-5085-4A16-B785-4C70DD1589BD}") = "ITI Datawarehous", "ITI Datawarehous\ITI Datawarehous.dtproj", "{D3983C78-5E4D-8059-0E8D-ECE863C1CDB1}"
EndProject
Global
	GlobalSection(SolutionConfigurationPlatforms) = preSolution
		Development|Default = Development|Default
	EndGlobalSection
	GlobalSection(ProjectConfigurationPlatforms) = postSolution
		{D3983C78-5E4D-8059-0E8D-ECE863C1CDB1}.Development|Default.ActiveCfg = Development
		{D3983C78-5E4D-8059-0E8D-ECE863C1CDB1}.Development|Default.Build.0 = Development
	EndGlobalSection
	GlobalSection(SolutionProperties) = preSolution
		HideSolutionNode = FALSE
	EndGlobalSection
	GlobalSection(ExtensibilityGlobals) = postSolution
		SolutionGuid = {864ED07C-2E82-4C36-B38A-7E52DA9B8A13}
	EndGlobalSection
EndGlobal
