
Microsoft Visual Studio Solution File, Format Version 12.00
# Visual Studio Version 17
VisualStudioVersion = 17.14.36401.2 d17.14
MinimumVisualStudioVersion = 10.0.40219.1
Project("{F14B399A-7131-4C87-9E4B-1186C45EF12D}") = "Report Project13", "Report Project13\Report Project13.rptproj", "{1B47E3AB-3E37-513B-4510-1814101BB482}"
EndProject
Global
	GlobalSection(SolutionConfigurationPlatforms) = preSolution
		Debug|Default = Debug|Default
		DebugLocal|Default = DebugLocal|Default
		Release|Default = Release|Default
	EndGlobalSection
	GlobalSection(ProjectConfigurationPlatforms) = postSolution
		{1B47E3AB-3E37-513B-4510-1814101BB482}.Debug|Default.ActiveCfg = Debug
		{1B47E3AB-3E37-513B-4510-1814101BB482}.Debug|Default.Build.0 = Debug
		{1B47E3AB-3E37-513B-4510-1814101BB482}.Debug|Default.Deploy.0 = Debug
		{1B47E3AB-3E37-513B-4510-1814101BB482}.DebugLocal|Default.ActiveCfg = DebugLocal
		{1B47E3AB-3E37-513B-4510-1814101BB482}.DebugLocal|Default.Build.0 = DebugLocal
		{1B47E3AB-3E37-513B-4510-1814101BB482}.Release|Default.ActiveCfg = Release
		{1B47E3AB-3E37-513B-4510-1814101BB482}.Release|Default.Build.0 = Release
		{1B47E3AB-3E37-513B-4510-1814101BB482}.Release|Default.Deploy.0 = Release
	EndGlobalSection
	GlobalSection(SolutionProperties) = preSolution
		HideSolutionNode = FALSE
	EndGlobalSection
	GlobalSection(ExtensibilityGlobals) = postSolution
		SolutionGuid = {9DE9089F-19CD-4EAD-807E-68CED82440CD}
	EndGlobalSection
EndGlobal
